{
  "name": "@iacg-cli/exec",
  "version": "1.0.5",
  "lockfileVersion": 2,
  "requires": true,
  "packages": {
    "": {
      "name": "@iacg-cli/exec",
      "version": "1.0.5",
      "license": "ISC",
      "dependencies": {
        "@iacg-cli/init": "file:../../commands/init",
        "@iacg-cli/log": "file:../../utils/log",
        "@iacg-cli/package": "file:../../models/package",
        "@iacg-cli/utils": "file:../../utils/utils"
      }
    },
    "../../commands/init": {
      "version": "1.0.5",
      "license": "ISC",
      "dependencies": {
        "@iacg-cli/command": "file:../../models/command",
        "@iacg-cli/log": "file:../../utils/log",
        "@iacg-cli/package": "file:../../models/package",
        "@iacg-cli/request": "file:../../utils/request",
        "@iacg-cli/utils": "file:../../utils/utils",
        "ejs": "^3.1.8",
        "fs-extra": "^10.1.0",
        "glob": "^7.1.6",
        "inquirer": "^8.2.4",
        "kebab-case": "^1.0.1",
        "semver": "^7.3.7",
        "user-home": "^3.0.0"
      }
    },
    "../../models/package": {
      "version": "1.0.5",
      "license": "ISC",
      "dependencies": {
        "@iacg-cli/format-path": "file:../../utils/format-path",
        "@iacg-cli/get-npm-info": "file:../../utils/get-npm-info",
        "@iacg-cli/log": "file:../../utils/log",
        "@iacg-cli/utils": "file:../../utils/utils",
        "fs-extra": "^9.0.1",
        "npminstall": "^4.10.0",
        "path-exists": "^4.0.0",
        "pkg-dir": "^5.0.0"
      },
      "devDependencies": {
        "mocha": "^9.1.0",
        "should": "^13.2.3"
      }
    },
    "../../utils/log": {
      "version": "1.0.5",
      "license": "ISC",
      "dependencies": {
        "npmlog": "^6.0.2"
      }
    },
    "../../utils/utils": {
      "version": "1.0.5",
      "license": "ISC",
      "dependencies": {
        "cli-spinner": "^0.2.10"
      }
    },
    "node_modules/@iacg-cli/init": {
      "resolved": "../../commands/init",
      "link": true
    },
    "node_modules/@iacg-cli/log": {
      "resolved": "../../utils/log",
      "link": true
    },
    "node_modules/@iacg-cli/package": {
      "resolved": "../../models/package",
      "link": true
    },
    "node_modules/@iacg-cli/utils": {
      "resolved": "../../utils/utils",
      "link": true
    }
  },
  "dependencies": {
    "@iacg-cli/init": {
      "version": "file:../../commands/init",
      "requires": {
        "@iacg-cli/command": "file:../../models/command",
        "@iacg-cli/log": "file:../../utils/log",
        "@iacg-cli/package": "file:../../models/package",
        "@iacg-cli/request": "file:../../utils/request",
        "@iacg-cli/utils": "file:../../utils/utils",
        "ejs": "^3.1.8",
        "fs-extra": "^10.1.0",
        "glob": "^7.1.6",
        "inquirer": "^8.2.4",
        "kebab-case": "^1.0.1",
        "semver": "^7.3.7",
        "user-home": "^3.0.0"
      }
    },
    "@iacg-cli/log": {
      "version": "file:../../utils/log",
      "requires": {
        "npmlog": "^6.0.2"
      }
    },
    "@iacg-cli/package": {
      "version": "file:../../models/package",
      "requires": {
        "@iacg-cli/format-path": "file:../../utils/format-path",
        "@iacg-cli/get-npm-info": "file:../../utils/get-npm-info",
        "@iacg-cli/log": "file:../../utils/log",
        "@iacg-cli/utils": "file:../../utils/utils",
        "fs-extra": "^9.0.1",
        "mocha": "^9.1.0",
        "npminstall": "^4.10.0",
        "path-exists": "^4.0.0",
        "pkg-dir": "^5.0.0",
        "should": "^13.2.3"
      }
    },
    "@iacg-cli/utils": {
      "version": "file:../../utils/utils",
      "requires": {
        "cli-spinner": "^0.2.10"
      }
    }
  }
}
